
Microsoft Visual Studio Solution File, Format Version 12.00
# Visual Studio 15
VisualStudioVersion = 15.0.26228.4
MinimumVisualStudioVersion = 10.0.40219.1
Project("{FAE04EC0-301F-11D3-BF4B-00C04F79EFBC}") = "NPOIExtension.Web", "NPOIExtension.Web\NPOIExtension.Web.csproj", "{99F32AD0-A0DD-4731-B9C5-50BFD6F9385F}"
EndProject
Project("{FAE04EC0-301F-11D3-BF4B-00C04F79EFBC}") = "NPOIExtension", "NPOIExtension\NPOIExtension.csproj", "{296D2B49-26FD-499F-97AD-9104589BACDC}"
EndProject
Global
	GlobalSection(SolutionConfigurationPlatforms) = preSolution
		Debug|Any CPU = Debug|Any CPU
		Release|Any CPU = Release|Any CPU
	EndGlobalSection
	GlobalSection(ProjectConfigurationPlatforms) = postSolution
		{99F32AD0-A0DD-4731-B9C5-50BFD6F9385F}.Debug|Any CPU.ActiveCfg = Debug|Any CPU
		{99F32AD0-A0DD-4731-B9C5-50BFD6F9385F}.Debug|Any CPU.Build.0 = Debug|Any CPU
		{99F32AD0-A0DD-4731-B9C5-50BFD6F9385F}.Release|Any CPU.ActiveCfg = Release|Any CPU
		{99F32AD0-A0DD-4731-B9C5-50BFD6F9385F}.Release|Any CPU.Build.0 = Release|Any CPU
		{296D2B49-26FD-499F-97AD-9104589BACDC}.Debug|Any CPU.ActiveCfg = Debug|Any CPU
		{296D2B49-26FD-499F-97AD-9104589BACDC}.Debug|Any CPU.Build.0 = Debug|Any CPU
		{296D2B49-26FD-499F-97AD-9104589BACDC}.Release|Any CPU.ActiveCfg = Release|Any CPU
		{296D2B49-26FD-499F-97AD-9104589BACDC}.Release|Any CPU.Build.0 = Release|Any CPU
	EndGlobalSection
	GlobalSection(SolutionProperties) = preSolution
		HideSolutionNode = FALSE
	EndGlobalSection
EndGlobal
